
Microsoft Visual Studio Solution File, Format Version 12.00
# Visual Studio 14
VisualStudioVersion = 14.0.25420.1
MinimumVisualStudioVersion = 10.0.40219.1
Project("{8BC9CEB8-8B4A-11D0-8D11-00A0C91BC942}") = "SumTwoNumbers", "SumTwoNumbers\SumTwoNumbers.vcxproj", "{E79EA165-CA3A-4666-8954-834A961FE91F}"
EndProject
Project("{8BC9CEB8-8B4A-11D0-8D11-00A0C91BC942}") = "SumTwoVectors", "SumTwoVectors\SumTwoVectors.vcxproj", "{76806910-EBA7-4447-8E1E-9087016B75DC}"
EndProject
Project("{8BC9CEB8-8B4A-11D0-8D11-00A0C91BC942}") = "Domaci1", "Domaci1\Domaci1.vcxproj", "{A353429E-D87E-4754-9928-7EEFE84053F9}"
EndProject
Project("{8BC9CEB8-8B4A-11D0-8D11-00A0C91BC942}") = "Domaci2", "Domaci2\Domaci2.vcxproj", "{EF300F5F-0B81-4C39-B867-3C506C24659A}"
EndProject
Project("{8BC9CEB8-8B4A-11D0-8D11-00A0C91BC942}") = "Domaci3", "Domaci3\Domaci3.vcxproj", "{06674E9C-7874-4ADF-ACA2-B8BDF84A6B67}"
EndProject
Project("{8BC9CEB8-8B4A-11D0-8D11-00A0C91BC942}") = "Domaci4", "Domaci4\Domaci4.vcxproj", "{8E158318-9BA5-4EC2-951C-A769DD4A2DBE}"
EndProject
Project("{8BC9CEB8-8B4A-11D0-8D11-00A0C91BC942}") = "Domaci5", "Domaci5\Domaci5.vcxproj", "{9C2DD9B6-2EA4-4C51-B547-7B82CEC04D0C}"
EndProject
Project("{8BC9CEB8-8B4A-11D0-8D11-00A0C91BC942}") = "Domaci6", "Domaci6\Domaci6.vcxproj", "{793DE704-CA60-4F69-9387-2B7E0803FA42}"
EndProject
Project("{8BC9CEB8-8B4A-11D0-8D11-00A0C91BC942}") = "Domaci7", "Domaci7\Domaci7.vcxproj", "{BD00ACC7-3E23-4424-8956-F3BAD6ADE0D9}"
EndProject
Project("{8BC9CEB8-8B4A-11D0-8D11-00A0C91BC942}") = "Domaci8", "Domaci8\Domaci8.vcxproj", "{6DD10838-D148-4821-8F51-F2C691B4907A}"
EndProject
Project("{8BC9CEB8-8B4A-11D0-8D11-00A0C91BC942}") = "Domaci9", "Domaci9\Domaci9.vcxproj", "{F986F0E5-0CF7-4847-B72F-8B8340501AFC}"
EndProject
Project("{8BC9CEB8-8B4A-11D0-8D11-00A0C91BC942}") = "BrojPojavljivanjaNiz", "BrojPojavljivanjaNiz\BrojPojavljivanjaNiz.vcxproj", "{D2FE3B3A-D4C9-4482-B70B-8F8572E84455}"
EndProject
Project("{8BC9CEB8-8B4A-11D0-8D11-00A0C91BC942}") = "Domaci10", "Domaci10\Domaci10.vcxproj", "{5635D6B9-B9BE-4C51-95A4-5BDEECBE8938}"
EndProject
Project("{8BC9CEB8-8B4A-11D0-8D11-00A0C91BC942}") = "Domaci11", "Domaci11\Domaci11.vcxproj", "{DC555904-D245-4CD7-9C21-64B323530AE7}"
EndProject
Project("{8BC9CEB8-8B4A-11D0-8D11-00A0C91BC942}") = "Domaci12", "Domaci12\Domaci12.vcxproj", "{4AC3914F-B1B5-4263-AF3A-59ABA57DD5EF}"
EndProject
Project("{8BC9CEB8-8B4A-11D0-8D11-00A0C91BC942}") = "Domaci13", "Domaci13\Domaci13.vcxproj", "{D563EC31-EA04-4C2E-BF44-39B54D1301A8}"
EndProject
Project("{8BC9CEB8-8B4A-11D0-8D11-00A0C91BC942}") = "Domaci14", "Domaci14\Domaci14.vcxproj", "{FC56D19D-884F-4CE7-8967-B15931472FFF}"
EndProject
Project("{8BC9CEB8-8B4A-11D0-8D11-00A0C91BC942}") = "Domaci15", "Domaci15\Domaci15.vcxproj", "{4651BDC4-87BF-4899-8917-8E04E59F17D4}"
EndProject
Project("{8BC9CEB8-8B4A-11D0-8D11-00A0C91BC942}") = "Domaci16", "Domaci16\Domaci16.vcxproj", "{7C535909-7E1C-4398-B274-B3D6430B6A1F}"
EndProject
Project("{8BC9CEB8-8B4A-11D0-8D11-00A0C91BC942}") = "MaxMinElementNiza", "MaxMinElementNiza\MaxMinElementNiza.vcxproj", "{3486C2FA-5575-4F1D-A65F-E11A86A8BBF6}"
EndProject
Project("{8BC9CEB8-8B4A-11D0-8D11-00A0C91BC942}") = "SumVectorUsingThreadReduction", "SumVectorUsingThreadReduction\SumVectorUsingThreadReduction.vcxproj", "{425069C8-8FB6-406D-B465-05076E8BC95B}"
EndProject
Project("{8BC9CEB8-8B4A-11D0-8D11-00A0C91BC942}") = "MaxMixElementMatrice", "MaxMixElementMatrice\MaxMixElementMatrice.vcxproj", "{0C8940D3-E8FC-49E6-B61B-946E6D63BAE7}"
EndProject
Global
	GlobalSection(SolutionConfigurationPlatforms) = preSolution
		Debug|x64 = Debug|x64
		Release|x64 = Release|x64
	EndGlobalSection
	GlobalSection(ProjectConfigurationPlatforms) = postSolution
		{E79EA165-CA3A-4666-8954-834A961FE91F}.Debug|x64.ActiveCfg = Debug|x64
		{E79EA165-CA3A-4666-8954-834A961FE91F}.Debug|x64.Build.0 = Debug|x64
		{E79EA165-CA3A-4666-8954-834A961FE91F}.Release|x64.ActiveCfg = Release|x64
		{E79EA165-CA3A-4666-8954-834A961FE91F}.Release|x64.Build.0 = Release|x64
		{76806910-EBA7-4447-8E1E-9087016B75DC}.Debug|x64.ActiveCfg = Debug|x64
		{76806910-EBA7-4447-8E1E-9087016B75DC}.Debug|x64.Build.0 = Debug|x64
		{76806910-EBA7-4447-8E1E-9087016B75DC}.Release|x64.ActiveCfg = Release|x64
		{76806910-EBA7-4447-8E1E-9087016B75DC}.Release|x64.Build.0 = Release|x64
		{A353429E-D87E-4754-9928-7EEFE84053F9}.Debug|x64.ActiveCfg = Debug|x64
		{A353429E-D87E-4754-9928-7EEFE84053F9}.Debug|x64.Build.0 = Debug|x64
		{A353429E-D87E-4754-9928-7EEFE84053F9}.Release|x64.ActiveCfg = Release|x64
		{A353429E-D87E-4754-9928-7EEFE84053F9}.Release|x64.Build.0 = Release|x64
		{EF300F5F-0B81-4C39-B867-3C506C24659A}.Debug|x64.ActiveCfg = Debug|x64
		{EF300F5F-0B81-4C39-B867-3C506C24659A}.Debug|x64.Build.0 = Debug|x64
		{EF300F5F-0B81-4C39-B867-3C506C24659A}.Release|x64.ActiveCfg = Release|x64
		{EF300F5F-0B81-4C39-B867-3C506C24659A}.Release|x64.Build.0 = Release|x64
		{06674E9C-7874-4ADF-ACA2-B8BDF84A6B67}.Debug|x64.ActiveCfg = Debug|x64
		{06674E9C-7874-4ADF-ACA2-B8BDF84A6B67}.Debug|x64.Build.0 = Debug|x64
		{06674E9C-7874-4ADF-ACA2-B8BDF84A6B67}.Release|x64.ActiveCfg = Release|x64
		{06674E9C-7874-4ADF-ACA2-B8BDF84A6B67}.Release|x64.Build.0 = Release|x64
		{8E158318-9BA5-4EC2-951C-A769DD4A2DBE}.Debug|x64.ActiveCfg = Debug|x64
		{8E158318-9BA5-4EC2-951C-A769DD4A2DBE}.Debug|x64.Build.0 = Debug|x64
		{8E158318-9BA5-4EC2-951C-A769DD4A2DBE}.Release|x64.ActiveCfg = Release|x64
		{8E158318-9BA5-4EC2-951C-A769DD4A2DBE}.Release|x64.Build.0 = Release|x64
		{9C2DD9B6-2EA4-4C51-B547-7B82CEC04D0C}.Debug|x64.ActiveCfg = Debug|x64
		{9C2DD9B6-2EA4-4C51-B547-7B82CEC04D0C}.Debug|x64.Build.0 = Debug|x64
		{9C2DD9B6-2EA4-4C51-B547-7B82CEC04D0C}.Release|x64.ActiveCfg = Release|x64
		{9C2DD9B6-2EA4-4C51-B547-7B82CEC04D0C}.Release|x64.Build.0 = Release|x64
		{793DE704-CA60-4F69-9387-2B7E0803FA42}.Debug|x64.ActiveCfg = Debug|x64
		{793DE704-CA60-4F69-9387-2B7E0803FA42}.Debug|x64.Build.0 = Debug|x64
		{793DE704-CA60-4F69-9387-2B7E0803FA42}.Release|x64.ActiveCfg = Release|x64
		{793DE704-CA60-4F69-9387-2B7E0803FA42}.Release|x64.Build.0 = Release|x64
		{BD00ACC7-3E23-4424-8956-F3BAD6ADE0D9}.Debug|x64.ActiveCfg = Debug|x64
		{BD00ACC7-3E23-4424-8956-F3BAD6ADE0D9}.Debug|x64.Build.0 = Debug|x64
		{BD00ACC7-3E23-4424-8956-F3BAD6ADE0D9}.Release|x64.ActiveCfg = Release|x64
		{BD00ACC7-3E23-4424-8956-F3BAD6ADE0D9}.Release|x64.Build.0 = Release|x64
		{6DD10838-D148-4821-8F51-F2C691B4907A}.Debug|x64.ActiveCfg = Debug|x64
		{6DD10838-D148-4821-8F51-F2C691B4907A}.Debug|x64.Build.0 = Debug|x64
		{6DD10838-D148-4821-8F51-F2C691B4907A}.Release|x64.ActiveCfg = Release|x64
		{6DD10838-D148-4821-8F51-F2C691B4907A}.Release|x64.Build.0 = Release|x64
		{F986F0E5-0CF7-4847-B72F-8B8340501AFC}.Debug|x64.ActiveCfg = Debug|x64
		{F986F0E5-0CF7-4847-B72F-8B8340501AFC}.Debug|x64.Build.0 = Debug|x64
		{F986F0E5-0CF7-4847-B72F-8B8340501AFC}.Release|x64.ActiveCfg = Release|x64
		{F986F0E5-0CF7-4847-B72F-8B8340501AFC}.Release|x64.Build.0 = Release|x64
		{D2FE3B3A-D4C9-4482-B70B-8F8572E84455}.Debug|x64.ActiveCfg = Debug|x64
		{D2FE3B3A-D4C9-4482-B70B-8F8572E84455}.Debug|x64.Build.0 = Debug|x64
		{D2FE3B3A-D4C9-4482-B70B-8F8572E84455}.Release|x64.ActiveCfg = Release|x64
		{D2FE3B3A-D4C9-4482-B70B-8F8572E84455}.Release|x64.Build.0 = Release|x64
		{5635D6B9-B9BE-4C51-95A4-5BDEECBE8938}.Debug|x64.ActiveCfg = Debug|x64
		{5635D6B9-B9BE-4C51-95A4-5BDEECBE8938}.Debug|x64.Build.0 = Debug|x64
		{5635D6B9-B9BE-4C51-95A4-5BDEECBE8938}.Release|x64.ActiveCfg = Release|x64
		{5635D6B9-B9BE-4C51-95A4-5BDEECBE8938}.Release|x64.Build.0 = Release|x64
		{DC555904-D245-4CD7-9C21-64B323530AE7}.Debug|x64.ActiveCfg = Debug|x64
		{DC555904-D245-4CD7-9C21-64B323530AE7}.Debug|x64.Build.0 = Debug|x64
		{DC555904-D245-4CD7-9C21-64B323530AE7}.Release|x64.ActiveCfg = Release|x64
		{DC555904-D245-4CD7-9C21-64B323530AE7}.Release|x64.Build.0 = Release|x64
		{4AC3914F-B1B5-4263-AF3A-59ABA57DD5EF}.Debug|x64.ActiveCfg = Debug|x64
		{4AC3914F-B1B5-4263-AF3A-59ABA57DD5EF}.Debug|x64.Build.0 = Debug|x64
		{4AC3914F-B1B5-4263-AF3A-59ABA57DD5EF}.Release|x64.ActiveCfg = Release|x64
		{4AC3914F-B1B5-4263-AF3A-59ABA57DD5EF}.Release|x64.Build.0 = Release|x64
		{D563EC31-EA04-4C2E-BF44-39B54D1301A8}.Debug|x64.ActiveCfg = Debug|x64
		{D563EC31-EA04-4C2E-BF44-39B54D1301A8}.Debug|x64.Build.0 = Debug|x64
		{D563EC31-EA04-4C2E-BF44-39B54D1301A8}.Release|x64.ActiveCfg = Release|x64
		{D563EC31-EA04-4C2E-BF44-39B54D1301A8}.Release|x64.Build.0 = Release|x64
		{FC56D19D-884F-4CE7-8967-B15931472FFF}.Debug|x64.ActiveCfg = Debug|x64
		{FC56D19D-884F-4CE7-8967-B15931472FFF}.Debug|x64.Build.0 = Debug|x64
		{FC56D19D-884F-4CE7-8967-B15931472FFF}.Release|x64.ActiveCfg = Release|x64
		{FC56D19D-884F-4CE7-8967-B15931472FFF}.Release|x64.Build.0 = Release|x64
		{4651BDC4-87BF-4899-8917-8E04E59F17D4}.Debug|x64.ActiveCfg = Debug|x64
		{4651BDC4-87BF-4899-8917-8E04E59F17D4}.Debug|x64.Build.0 = Debug|x64
		{4651BDC4-87BF-4899-8917-8E04E59F17D4}.Release|x64.ActiveCfg = Release|x64
		{4651BDC4-87BF-4899-8917-8E04E59F17D4}.Release|x64.Build.0 = Release|x64
		{7C535909-7E1C-4398-B274-B3D6430B6A1F}.Debug|x64.ActiveCfg = Debug|x64
		{7C535909-7E1C-4398-B274-B3D6430B6A1F}.Debug|x64.Build.0 = Debug|x64
		{7C535909-7E1C-4398-B274-B3D6430B6A1F}.Release|x64.ActiveCfg = Release|x64
		{7C535909-7E1C-4398-B274-B3D6430B6A1F}.Release|x64.Build.0 = Release|x64
		{3486C2FA-5575-4F1D-A65F-E11A86A8BBF6}.Debug|x64.ActiveCfg = Debug|x64
		{3486C2FA-5575-4F1D-A65F-E11A86A8BBF6}.Debug|x64.Build.0 = Debug|x64
		{3486C2FA-5575-4F1D-A65F-E11A86A8BBF6}.Release|x64.ActiveCfg = Release|x64
		{3486C2FA-5575-4F1D-A65F-E11A86A8BBF6}.Release|x64.Build.0 = Release|x64
		{425069C8-8FB6-406D-B465-05076E8BC95B}.Debug|x64.ActiveCfg = Debug|x64
		{425069C8-8FB6-406D-B465-05076E8BC95B}.Debug|x64.Build.0 = Debug|x64
		{425069C8-8FB6-406D-B465-05076E8BC95B}.Release|x64.ActiveCfg = Release|x64
		{425069C8-8FB6-406D-B465-05076E8BC95B}.Release|x64.Build.0 = Release|x64
		{0C8940D3-E8FC-49E6-B61B-946E6D63BAE7}.Debug|x64.ActiveCfg = Debug|x64
		{0C8940D3-E8FC-49E6-B61B-946E6D63BAE7}.Debug|x64.Build.0 = Debug|x64
		{0C8940D3-E8FC-49E6-B61B-946E6D63BAE7}.Release|x64.ActiveCfg = Release|x64
		{0C8940D3-E8FC-49E6-B61B-946E6D63BAE7}.Release|x64.Build.0 = Release|x64
	EndGlobalSection
	GlobalSection(SolutionProperties) = preSolution
		HideSolutionNode = FALSE
	EndGlobalSection
EndGlobal
